Microsoft Visual Studio Solution File, Format Version 12.00
# Visual Studio Version 17
VisualStudioVersion = 17.5.2.0
MinimumVisualStudioVersion = 10.0.40219.1
Project("{2150E333-8FDC-42A3-9474-1A3956D46DE8}") = "src", "src", "{CC311537-A6F3-411C-B19F-F875599DA046}"
EndProject
Project("{FAE04EC0-301F-11D3-BF4B-00C04F79EFBC}") = "FCGames.API", "src\FCGames.API\FCGames.API.csproj", "{9C3CDB7F-FDA1-4515-B46D-DAAAD58374D2}"
EndProject
Project("{FAE04EC0-301F-11D3-BF4B-00C04F79EFBC}") = "FCGames.Application", "src\FCGames.Application\FCGames.Application.csproj", "{15654D45-B533-4F90-A071-23F18098B6BD}"
EndProject
Project("{FAE04EC0-301F-11D3-BF4B-00C04F79EFBC}") = "FCGames.Infrastructure", "src\FCGames.Infrastructure\FCGames.Infrastructure.csproj", "{31FECA81-1FA2-4BF6-9A70-A8CF5AF91292}"
EndProject
Project("{FAE04EC0-301F-11D3-BF4B-00C04F79EFBC}") = "FCGames.Domain", "src\FCGames.Domain\FCGames.Domain.csproj", "{91E8EB2C-E5CB-4262-B4FD-F9118E15D9F3}"
EndProject
Global
	GlobalSection(SolutionProperties) = preSolution
		HideSolutionNode = FALSE
	EndGlobalSection
	GlobalSection(ExtensibilityGlobals) = postSolution
		SolutionGuid = {A0EE26FF-434C-4552-A0A6-CE3F7BD78AF5}
	EndGlobalSection
	GlobalSection(SolutionConfigurationPlatforms) = preSolution
		Debug|Any CPU = Debug|Any CPU
		Debug|x64 = Debug|x64
		Debug|x86 = Debug|x86
		Release|Any CPU = Release|Any CPU
		Release|x64 = Release|x64
		Release|x86 = Release|x86
	EndGlobalSection
	GlobalSection(ProjectConfigurationPlatforms) = postSolution
		{9C3CDB7F-FDA1-4515-B46D-DAAAD58374D2}.Debug|Any CPU.ActiveCfg = Debug|Any CPU
		{9C3CDB7F-FDA1-4515-B46D-DAAAD58374D2}.Debug|Any CPU.Build.0 = Debug|Any CPU
		{9C3CDB7F-FDA1-4515-B46D-DAAAD58374D2}.Debug|x64.ActiveCfg = Debug|Any CPU
		{9C3CDB7F-FDA1-4515-B46D-DAAAD58374D2}.Debug|x64.Build.0 = Debug|Any CPU
		{9C3CDB7F-FDA1-4515-B46D-DAAAD58374D2}.Debug|x86.ActiveCfg = Debug|Any CPU
		{9C3CDB7F-FDA1-4515-B46D-DAAAD58374D2}.Debug|x86.Build.0 = Debug|Any CPU
		{9C3CDB7F-FDA1-4515-B46D-DAAAD58374D2}.Release|Any CPU.ActiveCfg = Release|Any CPU
		{9C3CDB7F-FDA1-4515-B46D-DAAAD58374D2}.Release|Any CPU.Build.0 = Release|Any CPU
		{9C3CDB7F-FDA1-4515-B46D-DAAAD58374D2}.Release|x64.ActiveCfg = Release|Any CPU
		{9C3CDB7F-FDA1-4515-B46D-DAAAD58374D2}.Release|x64.Build.0 = Release|Any CPU
		{9C3CDB7F-FDA1-4515-B46D-DAAAD58374D2}.Release|x86.ActiveCfg = Release|Any CPU
		{9C3CDB7F-FDA1-4515-B46D-DAAAD58374D2}.Release|x86.Build.0 = Release|Any CPU
		{15654D45-B533-4F90-A071-23F18098B6BD}.Debug|Any CPU.ActiveCfg = Debug|Any CPU
		{15654D45-B533-4F90-A071-23F18098B6BD}.Debug|Any CPU.Build.0 = Debug|Any CPU
		{15654D45-B533-4F90-A071-23F18098B6BD}.Debug|x64.ActiveCfg = Debug|Any CPU
		{15654D45-B533-4F90-A071-23F18098B6BD}.Debug|x64.Build.0 = Debug|Any CPU
		{15654D45-B533-4F90-A071-23F18098B6BD}.Debug|x86.ActiveCfg = Debug|Any CPU
		{15654D45-B533-4F90-A071-23F18098B6BD}.Debug|x86.Build.0 = Debug|Any CPU
		{15654D45-B533-4F90-A071-23F18098B6BD}.Release|Any CPU.ActiveCfg = Release|Any CPU
		{15654D45-B533-4F90-A071-23F18098B6BD}.Release|Any CPU.Build.0 = Release|Any CPU
		{15654D45-B533-4F90-A071-23F18098B6BD}.Release|x64.ActiveCfg = Release|Any CPU
		{15654D45-B533-4F90-A071-23F18098B6BD}.Release|x64.Build.0 = Release|Any CPU
		{15654D45-B533-4F90-A071-23F18098B6BD}.Release|x86.ActiveCfg = Release|Any CPU
		{15654D45-B533-4F90-A071-23F18098B6BD}.Release|x86.Build.0 = Release|Any CPU
		{31FECA81-1FA2-4BF6-9A70-A8CF5AF91292}.Debug|Any CPU.ActiveCfg = Debug|Any CPU
		{31FECA81-1FA2-4BF6-9A70-A8CF5AF91292}.Debug|Any CPU.Build.0 = Debug|Any CPU
		{31FECA81-1FA2-4BF6-9A70-A8CF5AF91292}.Debug|x64.ActiveCfg = Debug|Any CPU
		{31FECA81-1FA2-4BF6-9A70-A8CF5AF91292}.Debug|x64.Build.0 = Debug|Any CPU
		{31FECA81-1FA2-4BF6-9A70-A8CF5AF91292}.Debug|x86.ActiveCfg = Debug|Any CPU
		{31FECA81-1FA2-4BF6-9A70-A8CF5AF91292}.Debug|x86.Build.0 = Debug|Any CPU
		{31FECA81-1FA2-4BF6-9A70-A8CF5AF91292}.Release|Any CPU.ActiveCfg = Release|Any CPU
		{31FECA81-1FA2-4BF6-9A70-A8CF5AF91292}.Release|Any CPU.Build.0 = Release|Any CPU
		{31FECA81-1FA2-4BF6-9A70-A8CF5AF91292}.Release|x64.ActiveCfg = Release|Any CPU
		{31FECA81-1FA2-4BF6-9A70-A8CF5AF91292}.Release|x64.Build.0 = Release|Any CPU
		{31FECA81-1FA2-4BF6-9A70-A8CF5AF91292}.Release|x86.ActiveCfg = Release|Any CPU
		{31FECA81-1FA2-4BF6-9A70-A8CF5AF91292}.Release|x86.Build.0 = Release|Any CPU
		{91E8EB2C-E5CB-4262-B4FD-F9118E15D9F3}.Debug|Any CPU.ActiveCfg = Debug|Any CPU
		{91E8EB2C-E5CB-4262-B4FD-F9118E15D9F3}.Debug|Any CPU.Build.0 = Debug|Any CPU
		{91E8EB2C-E5CB-4262-B4FD-F9118E15D9F3}.Debug|x64.ActiveCfg = Debug|Any CPU
		{91E8EB2C-E5CB-4262-B4FD-F9118E15D9F3}.Debug|x64.Build.0 = Debug|Any CPU
		{91E8EB2C-E5CB-4262-B4FD-F9118E15D9F3}.Debug|x86.ActiveCfg = Debug|Any CPU
		{91E8EB2C-E5CB-4262-B4FD-F9118E15D9F3}.Debug|x86.Build.0 = Debug|Any CPU
		{91E8EB2C-E5CB-4262-B4FD-F9118E15D9F3}.Release|Any CPU.ActiveCfg = Release|Any CPU
		{91E8EB2C-E5CB-4262-B4FD-F9118E15D9F3}.Release|Any CPU.Build.0 = Release|Any CPU
		{91E8EB2C-E5CB-4262-B4FD-F9118E15D9F3}.Release|x64.ActiveCfg = Release|Any CPU
		{91E8EB2C-E5CB-4262-B4FD-F9118E15D9F3}.Release|x64.Build.0 = Release|Any CPU
		{91E8EB2C-E5CB-4262-B4FD-F9118E15D9F3}.Release|x86.ActiveCfg = Release|Any CPU
		{91E8EB2C-E5CB-4262-B4FD-F9118E15D9F3}.Release|x86.Build.0 = Release|Any CPU
	EndGlobalSection
	GlobalSection(NestedProjects) = preSolution
		{9C3CDB7F-FDA1-4515-B46D-DAAAD58374D2} = {CC311537-A6F3-411C-B19F-F875599DA046}
		{15654D45-B533-4F90-A071-23F18098B6BD} = {CC311537-A6F3-411C-B19F-F875599DA046}
		{31FECA81-1FA2-4BF6-9A70-A8CF5AF91292} = {CC311537-A6F3-411C-B19F-F875599DA046}
		{91E8EB2C-E5CB-4262-B4FD-F9118E15D9F3} = {CC311537-A6F3-411C-B19F-F875599DA046}
	EndGlobalSection
EndGlobal
